
Microsoft Visual Studio Solution File, Format Version 12.00
# Visual Studio 15
VisualStudioVersion = 15.0.28010.2036
MinimumVisualStudioVersion = 10.0.40219.1
Project("{FAE04EC0-301F-11D3-BF4B-00C04F79EFBC}") = "DotNetCore_Library", "DotNetCore_Library\DotNetCore_Library.csproj", "{1D66F747-B6BF-4966-9D9C-A70F1A0C9F24}"
EndProject
Project("{FAE04EC0-301F-11D3-BF4B-00C04F79EFBC}") = "XUnitTest", "XUnitTest\XUnitTest.csproj", "{AF4C8BAF-148A-418D-8A6B-281281C76D3F}"
EndProject
Project("{FAE04EC0-301F-11D3-BF4B-00C04F79EFBC}") = "LoggerUtility", "LoggerUtility\LoggerUtility.csproj", "{8A7A9422-9B2E-4F80-93C8-C114F9730609}"
EndProject
Global
	GlobalSection(SolutionConfigurationPlatforms) = preSolution
		Debug|Any CPU = Debug|Any CPU
		Release|Any CPU = Release|Any CPU
	EndGlobalSection
	GlobalSection(ProjectConfigurationPlatforms) = postSolution
		{1D66F747-B6BF-4966-9D9C-A70F1A0C9F24}.Debug|Any CPU.ActiveCfg = Debug|Any CPU
		{1D66F747-B6BF-4966-9D9C-A70F1A0C9F24}.Debug|Any CPU.Build.0 = Debug|Any CPU
		{1D66F747-B6BF-4966-9D9C-A70F1A0C9F24}.Release|Any CPU.ActiveCfg = Release|Any CPU
		{1D66F747-B6BF-4966-9D9C-A70F1A0C9F24}.Release|Any CPU.Build.0 = Release|Any CPU
		{AF4C8BAF-148A-418D-8A6B-281281C76D3F}.Debug|Any CPU.ActiveCfg = Debug|Any CPU
		{AF4C8BAF-148A-418D-8A6B-281281C76D3F}.Debug|Any CPU.Build.0 = Debug|Any CPU
		{AF4C8BAF-148A-418D-8A6B-281281C76D3F}.Release|Any CPU.ActiveCfg = Release|Any CPU
		{AF4C8BAF-148A-418D-8A6B-281281C76D3F}.Release|Any CPU.Build.0 = Release|Any CPU
		{8A7A9422-9B2E-4F80-93C8-C114F9730609}.Debug|Any CPU.ActiveCfg = Debug|Any CPU
		{8A7A9422-9B2E-4F80-93C8-C114F9730609}.Debug|Any CPU.Build.0 = Debug|Any CPU
		{8A7A9422-9B2E-4F80-93C8-C114F9730609}.Release|Any CPU.ActiveCfg = Release|Any CPU
		{8A7A9422-9B2E-4F80-93C8-C114F9730609}.Release|Any CPU.Build.0 = Release|Any CPU
	EndGlobalSection
	GlobalSection(SolutionProperties) = preSolution
		HideSolutionNode = FALSE
	EndGlobalSection
	GlobalSection(ExtensibilityGlobals) = postSolution
		SolutionGuid = {00DB0325-37DD-453C-9356-A752A149BDE1}
	EndGlobalSection
EndGlobal
